
Microsoft Visual Studio Solution File, Format Version 12.00
# Visual Studio 2013
VisualStudioVersion = 12.0.31101.0
MinimumVisualStudioVersion = 10.0.40219.1
Project("{FAE04EC0-301F-11D3-BF4B-00C04F79EFBC}") = "mcsd900", "mcsd900\mcsd900.csproj", "{25818A39-EEF0-4E5A-9F9C-7F79C2659B27}"
EndProject
Project("{FAE04EC0-301F-11D3-BF4B-00C04F79EFBC}") = "mcsd900.Tests", "mcsd900.Tests\mcsd900.Tests.csproj", "{FAD88C6C-CBE9-4F2A-93F4-08595C7D31F8}"
EndProject
Global
	GlobalSection(SolutionConfigurationPlatforms) = preSolution
		Debug|Any CPU = Debug|Any CPU
		Release|Any CPU = Release|Any CPU
	EndGlobalSection
	GlobalSection(ProjectConfigurationPlatforms) = postSolution
		{25818A39-EEF0-4E5A-9F9C-7F79C2659B27}.Debug|Any CPU.ActiveCfg = Debug|Any CPU
		{25818A39-EEF0-4E5A-9F9C-7F79C2659B27}.Debug|Any CPU.Build.0 = Debug|Any CPU
		{25818A39-EEF0-4E5A-9F9C-7F79C2659B27}.Release|Any CPU.ActiveCfg = Release|Any CPU
		{25818A39-EEF0-4E5A-9F9C-7F79C2659B27}.Release|Any CPU.Build.0 = Release|Any CPU
		{FAD88C6C-CBE9-4F2A-93F4-08595C7D31F8}.Debug|Any CPU.ActiveCfg = Debug|Any CPU
		{FAD88C6C-CBE9-4F2A-93F4-08595C7D31F8}.Debug|Any CPU.Build.0 = Debug|Any CPU
		{FAD88C6C-CBE9-4F2A-93F4-08595C7D31F8}.Release|Any CPU.ActiveCfg = Release|Any CPU
		{FAD88C6C-CBE9-4F2A-93F4-08595C7D31F8}.Release|Any CPU.Build.0 = Release|Any CPU
	EndGlobalSection
	GlobalSection(SolutionProperties) = preSolution
		HideSolutionNode = FALSE
	EndGlobalSection
EndGlobal
